
Microsoft Visual Studio Solution File, Format Version 12.00
# Visual Studio Version 17
VisualStudioVersion = 17.1.32319.34
MinimumVisualStudioVersion = 10.0.40219.1
Project("{FAE04EC0-301F-11D3-BF4B-00C04F79EFBC}") = "TestingUrlRequestCulture", "TestingUrlRequestCulture\TestingUrlRequestCulture.csproj", "{AC88136A-15A4-4692-85C2-4571EA456E7A}"
EndProject
Global
	GlobalSection(SolutionConfigurationPlatforms) = preSolution
		Debug|Any CPU = Debug|Any CPU
		Release|Any CPU = Release|Any CPU
	EndGlobalSection
	GlobalSection(ProjectConfigurationPlatforms) = postSolution
		{AC88136A-15A4-4692-85C2-4571EA456E7A}.Debug|Any CPU.ActiveCfg = Debug|Any CPU
		{AC88136A-15A4-4692-85C2-4571EA456E7A}.Debug|Any CPU.Build.0 = Debug|Any CPU
		{AC88136A-15A4-4692-85C2-4571EA456E7A}.Release|Any CPU.ActiveCfg = Release|Any CPU
		{AC88136A-15A4-4692-85C2-4571EA456E7A}.Release|Any CPU.Build.0 = Release|Any CPU
	EndGlobalSection
	GlobalSection(SolutionProperties) = preSolution
		HideSolutionNode = FALSE
	EndGlobalSection
	GlobalSection(ExtensibilityGlobals) = postSolution
		SolutionGuid = {5F7F1F66-3B86-4BB2-8E86-1A36D0BC783E}
	EndGlobalSection
EndGlobal
